
Microsoft Visual Studio Solution File, Format Version 12.00
# Visual Studio 15
VisualStudioVersion = 15.0.28307.168
MinimumVisualStudioVersion = 10.0.40219.1
Project("{FAE04EC0-301F-11D3-BF4B-00C04F79EFBC}") = "Terraforming.Api", "Terraforming.Api\Terraforming.Api.csproj", "{A89C2EF3-6F15-4895-A164-AA29FB473310}"
EndProject
Global
	GlobalSection(SolutionConfigurationPlatforms) = preSolution
		Debug|Any CPU = Debug|Any CPU
		Release|Any CPU = Release|Any CPU
	EndGlobalSection
	GlobalSection(ProjectConfigurationPlatforms) = postSolution
		{A89C2EF3-6F15-4895-A164-AA29FB473310}.Debug|Any CPU.ActiveCfg = Debug|Any CPU
		{A89C2EF3-6F15-4895-A164-AA29FB473310}.Debug|Any CPU.Build.0 = Debug|Any CPU
		{A89C2EF3-6F15-4895-A164-AA29FB473310}.Release|Any CPU.ActiveCfg = Release|Any CPU
		{A89C2EF3-6F15-4895-A164-AA29FB473310}.Release|Any CPU.Build.0 = Release|Any CPU
	EndGlobalSection
	GlobalSection(SolutionProperties) = preSolution
		HideSolutionNode = FALSE
	EndGlobalSection
	GlobalSection(ExtensibilityGlobals) = postSolution
		SolutionGuid = {22D81E98-6CBC-4422-AA87-9DEE176F7289}
	EndGlobalSection
EndGlobal
